PODS:
  - AFNetworking (3.1.0):
    - AFNetworking/NSURLSession (= 3.1.0)
    - AFNetworking/Reachability (= 3.1.0)
    - AFNetworking/Security (= 3.1.0)
    - AFNetworking/Serialization (= 3.1.0)
    - AFNetworking/UIKit (= 3.1.0)
  - AFNetworking/NSURLSession (3.1.0):
    - AFNetworking/Reachability
    - AFNetworking/Security
    - AFNetworking/Serialization
  - AFNetworking/Reachability (3.1.0)
  - AFNetworking/Security (3.1.0)
  - AFNetworking/Serialization (3.1.0)
  - AFNetworking/UIKit (3.1.0):
    - AFNetworking/NSURLSession
  - AliyunOSSiOS (2.6.3)
  - Bugtags (2.4.0):
    - Bugtags/Core (= 2.4.0)
  - Bugtags/Core (2.4.0)
  - CYLTableViewPlaceHolder (1.0.8)
  - DZNWebViewController (3.2)
  - Masonry (1.0.2)
  - MJExtension (3.0.13)
  - MJRefresh (3.1.12)
  - MTLog (0.6.1)
  - SDCycleScrollView (1.73):
    - SDWebImage (~> 4.0.0)
  - SDWebImage (4.0.0):
    - SDWebImage/Core (= 4.0.0)
  - SDWebImage/Core (4.0.0)
  - SGQRCode (2.1.8)
  - SimpleKeychain (0.8.0)
  - SVProgressHUD (2.1.2)
  - TOWebViewController (2.2.6):
    - TOWebViewController/Core (= 2.2.6)
  - TOWebViewController/Core (2.2.6)
  - UITableView+FDTemplateLayoutCell (1.6)
  - UMengAnalytics-NO-IDFA (4.2.5)
  - WZLBadge (1.2.6)
  - YTKNetwork (2.0.3):
    - AFNetworking (~> 3.0)
  - YYKit (1.0.9):
    - YYKit/no-arc (= 1.0.9)
  - YYKit/no-arc (1.0.9)

DEPENDENCIES:
  - AFNetworking
  - AliyunOSSiOS
  - Bugtags
  - CYLTableViewPlaceHolder
  - DZNWebViewController
  - Masonry
  - MJExtension
  - MJRefresh
  - MTLog
  - SDCycleScrollView (~> 1.66)
  - SDWebImage
  - SGQRCode
  - SimpleKeychain
  - SVProgressHUD
  - TOWebViewController
  - UITableView+FDTemplateLayoutCell
  - UMengAnalytics-NO-IDFA
  - WZLBadge
  - YTKNetwork
  - YYKit

SPEC CHECKSUMS:
  AFNetworking: 5e0e199f73d8626b11e79750991f5d173d1f8b67
  AliyunOSSiOS: 98d79abaceed7485ec0e28dd09c5464acf4a67a0
  Bugtags: 916b3dcbc4e495f96206ac35546aa196c9ed2132
  CYLTableViewPlaceHolder: 44075c119aab78bbc514c75d771d6565e19938e8
  DZNWebViewController: 8e927a5de637fe0c4104c001d5cccd4fa5621e50
  Masonry: 7c429b56da9d4ee0bbb3ed77a5ea710d6a5df39e
  MJExtension: 5932755f451458eefa24239358817f8d291240c7
  MJRefresh: b96cdb21c4aa75a7b07654311ab2f315c497e806
  MTLog: 058f30e9cd35d7394c8050ef2e3361c35f9ca1d3
  SDCycleScrollView: d0fd5fe40a80918371fd8939214eb3be81033d83
  SDWebImage: 76a6348bdc74eb5a55dd08a091ef298e56b55e41
  SGQRCode: 989df341fb231fc7bf7e82316de2fc8de2961e10
  SimpleKeychain: 84c748463eec601dfee5e7990f55cc82edc5488d
  SVProgressHUD: c404a55d78acbeb7ebb78b76d3faf986475a6994
  TOWebViewController: a29908019f7e0e0f8eccfab8a1ee8dcdf4fc5aac
  UITableView+FDTemplateLayoutCell: 5c949b4a5059c404b442926c0e80f81d10a2d66f
  UMengAnalytics-NO-IDFA: 16666e32edce5be44ae5b14aaaa7f3582e09d6ab
  WZLBadge: 9ec779dcfd94c825518b395e8315fccaabff1bfa
  YTKNetwork: c4b0c29c9d639dc050d475de69ee626d53eac598
  YYKit: 7cda43304a8dc3696c449041e2cb3107b4e236e7

PODFILE CHECKSUM: 7cb4762a0f3cf40ed077ced3ea23fe8fd5f10872

COCOAPODS: 1.2.1
